
Microsoft Visual Studio Solution File, Format Version 12.00
# Visual Studio Version 16
VisualStudioVersion = 16.0.30717.126
MinimumVisualStudioVersion = 10.0.40219.1
Project("{FAE04EC0-301F-11D3-BF4B-00C04F79EFBC}") = "PageCrawler", "PageCrawler.csproj", "{34613B62-916C-426A-AB40-2076636B498B}"
EndProject
Global
	GlobalSection(SolutionConfigurationPlatforms) = preSolution
		Debug|Any CPU = Debug|Any CPU
		Release|Any CPU = Release|Any CPU
	EndGlobalSection
	GlobalSection(ProjectConfigurationPlatforms) = postSolution
		{34613B62-916C-426A-AB40-2076636B498B}.Debug|Any CPU.ActiveCfg = Debug|Any CPU
		{34613B62-916C-426A-AB40-2076636B498B}.Debug|Any CPU.Build.0 = Debug|Any CPU
		{34613B62-916C-426A-AB40-2076636B498B}.Release|Any CPU.ActiveCfg = Release|Any CPU
		{34613B62-916C-426A-AB40-2076636B498B}.Release|Any CPU.Build.0 = Release|Any CPU
	EndGlobalSection
	GlobalSection(SolutionProperties) = preSolution
		HideSolutionNode = FALSE
	EndGlobalSection
	GlobalSection(ExtensibilityGlobals) = postSolution
		SolutionGuid = {33B1A277-FDBC-4047-8CAC-0EB6A96610EA}
	EndGlobalSection
EndGlobal
